
Microsoft Visual Studio Solution File, Format Version 12.00
# Visual Studio 15
VisualStudioVersion = 15.0.27428.2002
MinimumVisualStudioVersion = 10.0.40219.1
Project("{E24C65DC-7377-472B-9ABA-BC803B73C61A}") = "login-screen-master", ".", "{CE81C548-2A80-48E8-8679-49023F6F4B09}"
	ProjectSection(WebsiteProperties) = preProject
		TargetFrameworkMoniker = ".NETFramework,Version%3Dv4.0"
		Debug.AspNetCompiler.VirtualPath = "/localhost_62915"
		Debug.AspNetCompiler.PhysicalPath = "..\login-screen-master\"
		Debug.AspNetCompiler.TargetPath = "PrecompiledWeb\localhost_62915\"
		Debug.AspNetCompiler.Updateable = "true"
		Debug.AspNetCompiler.ForceOverwrite = "true"
		Debug.AspNetCompiler.FixedNames = "false"
		Debug.AspNetCompiler.Debug = "True"
		Release.AspNetCompiler.VirtualPath = "/localhost_62915"
		Release.AspNetCompiler.PhysicalPath = "..\login-screen-master\"
		Release.AspNetCompiler.TargetPath = "PrecompiledWeb\localhost_62915\"
		Release.AspNetCompiler.Updateable = "true"
		Release.AspNetCompiler.ForceOverwrite = "true"
		Release.AspNetCompiler.FixedNames = "false"
		Release.AspNetCompiler.Debug = "False"
		VWDPort = "62915"
	EndProjectSection
EndProject
Global
	GlobalSection(SolutionConfigurationPlatforms) = preSolution
		Debug|Any CPU = Debug|Any CPU
	EndGlobalSection
	GlobalSection(ProjectConfigurationPlatforms) = postSolution
		{CE81C548-2A80-48E8-8679-49023F6F4B09}.Debug|Any CPU.ActiveCfg = Debug|Any CPU
		{CE81C548-2A80-48E8-8679-49023F6F4B09}.Debug|Any CPU.Build.0 = Debug|Any CPU
	EndGlobalSection
	GlobalSection(SolutionProperties) = preSolution
		HideSolutionNode = FALSE
	EndGlobalSection
	GlobalSection(ExtensibilityGlobals) = postSolution
		SolutionGuid = {3F62C162-9383-40E0-9376-DB98545393E2}
	EndGlobalSection
EndGlobal
